
Microsoft Visual Studio Solution File, Format Version 12.00
# Visual Studio Version 17
VisualStudioVersion = 17.9.34902.65
MinimumVisualStudioVersion = 10.0.40219.1
Project("{FAE04EC0-301F-11D3-BF4B-00C04F79EFBC}") = "FiorelloApi", "FiorelloApi\FiorelloApi.csproj", "{1FFAA7EF-08E1-4D08-AFBA-A750068A9E88}"
EndProject
Global
	GlobalSection(SolutionConfigurationPlatforms) = preSolution
		Debug|Any CPU = Debug|Any CPU
		Release|Any CPU = Release|Any CPU
	EndGlobalSection
	GlobalSection(ProjectConfigurationPlatforms) = postSolution
		{1FFAA7EF-08E1-4D08-AFBA-A750068A9E88}.Debug|Any CPU.ActiveCfg = Debug|Any CPU
		{1FFAA7EF-08E1-4D08-AFBA-A750068A9E88}.Debug|Any CPU.Build.0 = Debug|Any CPU
		{1FFAA7EF-08E1-4D08-AFBA-A750068A9E88}.Release|Any CPU.ActiveCfg = Release|Any CPU
		{1FFAA7EF-08E1-4D08-AFBA-A750068A9E88}.Release|Any CPU.Build.0 = Release|Any CPU
	EndGlobalSection
	GlobalSection(SolutionProperties) = preSolution
		HideSolutionNode = FALSE
	EndGlobalSection
	GlobalSection(ExtensibilityGlobals) = postSolution
		SolutionGuid = {A7FFC9D3-9435-4428-9C72-98D0EEFDA572}
	EndGlobalSection
EndGlobal
